
Microsoft Visual Studio Solution File, Format Version 12.00
# Visual Studio Version 16
VisualStudioVersion = 16.0.31424.327
MinimumVisualStudioVersion = 10.0.40219.1
Project("{FAE04EC0-301F-11D3-BF4B-00C04F79EFBC}") = "MTGViewer", "MTGViewer\MTGViewer.csproj", "{6152555F-6471-4DE0-9B99-BB1923EDA5A5}"
EndProject
Project("{FAE04EC0-301F-11D3-BF4B-00C04F79EFBC}") = "MTGViewer.Tests", "MTGViewer.Tests\MTGViewer.Tests.csproj", "{F6DE9B06-88C0-4361-B6DA-0CF8C2239029}"
EndProject
Global
	GlobalSection(SolutionConfigurationPlatforms) = preSolution
		Debug|Any CPU = Debug|Any CPU
		Release|Any CPU = Release|Any CPU
	EndGlobalSection
	GlobalSection(ProjectConfigurationPlatforms) = postSolution
		{6152555F-6471-4DE0-9B99-BB1923EDA5A5}.Debug|Any CPU.ActiveCfg = Debug|Any CPU
		{6152555F-6471-4DE0-9B99-BB1923EDA5A5}.Debug|Any CPU.Build.0 = Debug|Any CPU
		{6152555F-6471-4DE0-9B99-BB1923EDA5A5}.Release|Any CPU.ActiveCfg = Release|Any CPU
		{6152555F-6471-4DE0-9B99-BB1923EDA5A5}.Release|Any CPU.Build.0 = Release|Any CPU
		{F6DE9B06-88C0-4361-B6DA-0CF8C2239029}.Debug|Any CPU.ActiveCfg = Debug|Any CPU
		{F6DE9B06-88C0-4361-B6DA-0CF8C2239029}.Debug|Any CPU.Build.0 = Debug|Any CPU
		{F6DE9B06-88C0-4361-B6DA-0CF8C2239029}.Release|Any CPU.ActiveCfg = Release|Any CPU
		{F6DE9B06-88C0-4361-B6DA-0CF8C2239029}.Release|Any CPU.Build.0 = Release|Any CPU
	EndGlobalSection
	GlobalSection(SolutionProperties) = preSolution
		HideSolutionNode = FALSE
	EndGlobalSection
	GlobalSection(ExtensibilityGlobals) = postSolution
		SolutionGuid = {510841F1-3619-446E-9A7B-47D9BB0EB4C5}
	EndGlobalSection
EndGlobal
